Microsoft Visual Studio Solution File, Format Version 12.00
# Visual Studio Version 17
VisualStudioVersion = 17.5.2.0
MinimumVisualStudioVersion = 10.0.40219.1
Project("{FAE04EC0-301F-11D3-BF4B-00C04F79EFBC}") = "CloudSt", "CloudSt\CloudSt.csproj", "{AD87E127-4593-9796-8BC5-86BDD2E29BD7}"
EndProject
Global
	GlobalSection(SolutionConfigurationPlatforms) = preSolution
		Debug|Any CPU = Debug|Any CPU
		Release|Any CPU = Release|Any CPU
	EndGlobalSection
	GlobalSection(ProjectConfigurationPlatforms) = postSolution
		{AD87E127-4593-9796-8BC5-86BDD2E29BD7}.Debug|Any CPU.ActiveCfg = Debug|Any CPU
		{AD87E127-4593-9796-8BC5-86BDD2E29BD7}.Debug|Any CPU.Build.0 = Debug|Any CPU
		{AD87E127-4593-9796-8BC5-86BDD2E29BD7}.Release|Any CPU.ActiveCfg = Release|Any CPU
		{AD87E127-4593-9796-8BC5-86BDD2E29BD7}.Release|Any CPU.Build.0 = Release|Any CPU
	EndGlobalSection
	GlobalSection(SolutionProperties) = preSolution
		HideSolutionNode = FALSE
	EndGlobalSection
	GlobalSection(ExtensibilityGlobals) = postSolution
		SolutionGuid = {93478069-E97F-4AB8-AAFF-A0E68FA8655C}
	EndGlobalSection
EndGlobal
